// !$*UTF8*$!
{
	archiveVersion = 1;
	classes = {
	};
	objectVersion = 48;
	objects = {

/* Begin PBXBuildFile section */
		05E31B59274EF0700083FCB6 /* GameController.framework in Frameworks */ = {isa = PBXBuildFile; fileRef = 05E31B57274EF0360083FCB6 /* GameController.framework */; };
		07A82EDB213941D00078D120 /* imgui_widgets.cpp in Sources */ = {isa = PBXBuildFile; fileRef = 07A82EDA213941D00078D120 /* imgui_widgets.cpp */; };
		4080A99820B02D340036BA46 /* main.mm in Sources */ = {isa = PBXBuildFile; fileRef = 4080A98A20B02CD90036BA46 /* main.mm */; };
		4080A9A220B034280036BA46 /* imgui_impl_opengl2.cpp in Sources */ = {isa = PBXBuildFile; fileRef = 4080A99E20B034280036BA46 /* imgui_impl_opengl2.cpp */; };
		4080A9AD20B0343C0036BA46 /* imgui_demo.cpp in Sources */ = {isa = PBXBuildFile; fileRef = 4080A9A620B0343C0036BA46 /* imgui_demo.cpp */; };
		4080A9AE20B0343C0036BA46 /* imgui.cpp in Sources */ = {isa = PBXBuildFile; fileRef = 4080A9A720B0343C0036BA46 /* imgui.cpp */; };
		4080A9AF20B0343C0036BA46 /* imgui_draw.cpp in Sources */ = {isa = PBXBuildFile; fileRef = 4080A9AA20B0343C0036BA46 /* imgui_draw.cpp */; };
		4080A9B020B0347A0036BA46 /* imgui_impl_osx.mm in Sources */ = {isa = PBXBuildFile; fileRef = 4080A99F20B034280036BA46 /* imgui_impl_osx.mm */; };
		4080A9B320B034E40036BA46 /* Cocoa.framework in Frameworks */ = {isa = PBXBuildFile; fileRef = 4080A9B220B034E40036BA46 /* Cocoa.framework */; };
		4080A9B520B034EA0036BA46 /* OpenGL.framework in Frameworks */ = {isa = PBXBuildFile; fileRef = 4080A9B420B034EA0036BA46 /* OpenGL.framework */; };
		50798230257677FD0038A28D /* imgui_tables.cpp in Sources */ = {isa = PBXBuildFile; fileRef = 5079822F257677FC0038A28D /* imgui_tables.cpp */; };
/* End PBXBuildFile section */

/* Begin PBXCopyFilesBuildPhase section */
		4080A96920B029B00036BA46 /* CopyFiles */ = {
			isa = PBXCopyFilesBuildPhase;
			buildActionMask = 2147483647;
			dstPath = /usr/share/man/man1/;
			dstSubfolderSpec = 0;
			files = (
			);
			runOnlyForDeploymentPostprocessing = 1;
		};
/* End PBXCopyFilesBuildPhase section */

/* Begin PBXFileReference section */
		05E31B57274EF0360083FCB6 /* GameController.framework */ = {isa = PBXFileReference; lastKnownFileType = wrapper.framework; name = GameController.framework; path = System/Library/Frameworks/GameController.framework; sourceTree = SDKROOT; };
		07A82EDA213941D00078D120 /* imgui_widgets.cpp */ = {isa = PBXFileReference; fileEncoding = 4; lastKnownFileType = sourcecode.cpp.cpp; name = imgui_widgets.cpp; path = ../../imgui_widgets.cpp; sourceTree = "<group>"; };
		4080A96B20B029B00036BA46 /* example_osx_opengl2 */ = {isa = PBXFileReference; explicitFileType = "compiled.mach-o.executable"; includeInIndex = 0; path = example_osx_opengl2; sourceTree = BUILT_PRODUCTS_DIR; };
		4080A98A20B02CD90036BA46 /* main.mm */ = {isa = PBXFileReference; fileEncoding = 4; lastKnownFileType = sourcecode.cpp.objcpp; path = main.mm; sourceTree = SOURCE_ROOT; };
		4080A99E20B034280036BA46 /* imgui_impl_opengl2.cpp */ = {isa = PBXFileReference; fileEncoding = 4; lastKnownFileType = sourcecode.cpp.cpp; name = imgui_impl_opengl2.cpp; path = ../../backends/imgui_impl_opengl2.cpp; sourceTree = "<group>"; };
		4080A99F20B034280036BA46 /* imgui_impl_osx.mm */ = {isa = PBXFileReference; fileEncoding = 4; lastKnownFileType = sourcecode.cpp.objcpp; name = imgui_impl_osx.mm; path = ../../backends/imgui_impl_osx.mm; sourceTree = "<group>"; };
		4080A9A020B034280036BA46 /* imgui_impl_opengl2.h */ = {isa = PBXFileReference; fileEncoding = 4; lastKnownFileType = sourcecode.c.h; name = imgui_impl_opengl2.h; path = ../../backends/imgui_impl_opengl2.h; sourceTree = "<group>"; };
		4080A9A120B034280036BA46 /* imgui_impl_osx.h */ = {isa = PBXFileReference; fileEncoding = 4; lastKnownFileType = sourcecode.c.h; name = imgui_impl_osx.h; path = ../../backends/imgui_impl_osx.h; sourceTree = "<group>"; };
		4080A9A520B0343C0036BA46 /* imgui_internal.h */ = {isa = PBXFileReference; fileEncoding = 4; lastKnownFileType = sourcecode.c.h; name = imgui_internal.h; path = ../../imgui_internal.h; sourceTree = "<group>"; };
		4080A9A620B0343C0036BA46 /* imgui_demo.cpp */ = {isa = PBXFileReference; fileEncoding = 4; lastKnownFileType = sourcecode.cpp.cpp; name = imgui_demo.cpp; path = ../../imgui_demo.cpp; sourceTree = "<group>"; };
		4080A9A720B0343C0036BA46 /* imgui.cpp */ = {isa = PBXFileReference; fileEncoding = 4; lastKnownFileType = sourcecode.cpp.cpp; name = imgui.cpp; path = ../../imgui.cpp; sourceTree = "<group>"; };
		4080A9A820B0343C0036BA46 /* imgui.h */ = {isa = PBXFileReference; fileEncoding = 4; lastKnownFileType = sourcecode.c.h; name = imgui.h; path = ../../imgui.h; sourceTree = "<group>"; };
		4080A9AA20B0343C0036BA46 /* imgui_draw.cpp */ = {isa = PBXFileReference; fileEncoding = 4; lastKnownFileType = sourcecode.cpp.cpp; name = imgui_draw.cpp; path = ../../imgui_draw.cpp; sourceTree = "<group>"; };
		4080A9AC20B0343C0036BA46 /* imconfig.h */ = {isa = PBXFileReference; fileEncoding = 4; lastKnownFileType = sourcecode.c.h; name = imconfig.h; path = ../../imconfig.h; sourceTree = "<group>"; };
		4080A9B220B034E40036BA46 /* Cocoa.framework */ = {isa = PBXFileReference; lastKnownFileType = wrapper.framework; name = Cocoa.framework; path = System/Library/Frameworks/Cocoa.framework; sourceTree = SDKROOT; };
		4080A9B420B034EA0036BA46 /* OpenGL.framework */ = {isa = PBXFileReference; lastKnownFileType = wrapper.framework; name = OpenGL.framework; path = System/Library/Frameworks/OpenGL.framework; sourceTree = SDKROOT; };
		5079822F257677FC0038A28D /* imgui_tables.cpp */ = {isa = PBXFileReference; fileEncoding = 4; lastKnownFileType = sourcecode.cpp.cpp; name = imgui_tables.cpp; path = ../../imgui_tables.cpp; sourceTree = "<group>"; };
/* End PBXFileReference section */

/* Begin PBXFrameworksBuildPhase section */
		4080A96820B029B00036BA46 /* Frameworks */ = {
			isa = PBXFrameworksBuildPhase;
			buildActionMask = 2147483647;
			files = (
				4080A9B520B034EA0036BA46 /* OpenGL.framework in Frameworks */,
				4080A9B320B034E40036BA46 /* Cocoa.framework in Frameworks */,
				05E31B59274EF0700083FCB6 /* GameController.framework in Frameworks */,
			);
			runOnlyForDeploymentPostprocessing = 0;
		};
/* End PBXFrameworksBuildPhase section */

/* Begin PBXGroup section */
		4080A96220B029B00036BA46 = {
			isa = PBXGroup;
			children = (
				5079822F257677FC0038A28D /* imgui_tables.cpp */,
				4080A9AC20B0343C0036BA46 /* imconfig.h */,
				4080A9A720B0343C0036BA46 /* imgui.cpp */,
				4080A9A820B0343C0036BA46 /* imgui.h */,
				07A82EDA213941D00078D120 /* imgui_widgets.cpp */,
				4080A9A620B0343C0036BA46 /* imgui_demo.cpp */,
				4080A9AA20B0343C0036BA46 /* imgui_draw.cpp */,
				4080A9A520B0343C0036BA46 /* imgui_internal.h */,
				4080A99E20B034280036BA46 /* imgui_impl_opengl2.cpp */,
				4080A9A020B034280036BA46 /* imgui_impl_opengl2.h */,
				4080A9A120B034280036BA46 /* imgui_impl_osx.h */,
				4080A99F20B034280036BA46 /* imgui_impl_osx.mm */,
				4080A98A20B02CD90036BA46 /* main.mm */,
				4080A96C20B029B00036BA46 /* Products */,
				4080A9B120B034E40036BA46 /* Frameworks */,
			);
			sourceTree = "<group>";
		};
		4080A96C20B029B00036BA46 /* Products */ = {
			isa = PBXGroup;
			children = (
				4080A96B20B029B00036BA46 /* example_osx_opengl2 */,
			);
			name = Products;
			sourceTree = "<group>";
		};
		4080A9B120B034E40036BA46 /* Frameworks */ = {
			isa = PBXGroup;
			children = (
				05E31B57274EF0360083FCB6 /* GameController.framework */,
				4080A9B420B034EA0036BA46 /* OpenGL.framework */,
				4080A9B220B034E40036BA46 /* Cocoa.framework */,
			);
			name = Frameworks;
			sourceTree = "<group>";
		};
/* End PBXGroup section */

/* Begin PBXNativeTarget section */
		4080A96A20B029B00036BA46 /* example_osx_opengl2 */ = {
			isa = PBXNativeTarget;
			buildConfigurationList = 4080A97220B029B00036BA46 /* Build configuration list for PBXNativeTarget "example_osx_opengl2" */;
			buildPhases = (
				4080A96720B029B00036BA46 /* Sources */,
				4080A96820B029B00036BA46 /* Frameworks */,
				4080A96920B029B00036BA46 /* CopyFiles */,
			);
			buildRules = (
			);
			dependencies = (
			);
			name = example_osx_opengl2;
			productName = example_osx_opengl2;
			productReference = 4080A96B20B029B00036BA46 /* example_osx_opengl2 */;
			productType = "com.apple.product-type.tool";
		};
/* End PBXNativeTarget section */

/* Begin PBXProject section */
		4080A96320B029B00036BA46 /* Project object */ = {
			isa = PBXProject;
			attributes = {
				LastUpgradeCheck = 0930;
				ORGANIZATIONNAME = ImGui;
				TargetAttributes = {
					4080A96A20B029B00036BA46 = {
						CreatedOnToolsVersion = 9.3.1;
						ProvisioningStyle = Automatic;
					};
				};
			};
			buildConfigurationList = 4080A96620B029B00036BA46 /* Build configuration list for PBXProject "example_apple_opengl2" */;
			compatibilityVersion = "Xcode 8.0";
			developmentRegion = en;
			hasScannedForEncodings = 0;
			knownRegions = (
				en,
			);
			mainGroup = 4080A96220B029B00036BA46;
			productRefGroup = 4080A96C20B029B00036BA46 /* Products */;
			projectDirPath = "";
			projectRoot = "";
			targets = (
				4080A96A20B029B00036BA46 /* example_osx_opengl2 */,
			);
		};
/* End PBXProject section */

/* Begin PBXSourcesBuildPhase section */
		4080A96720B029B00036BA46 /* Sources */ = {
			isa = PBXSourcesBuildPhase;
			buildActionMask = 2147483647;
			files = (
				4080A99820B02D340036BA46 /* main.mm in Sources */,
				4080A9AD20B0343C0036BA46 /* imgui_demo.cpp in Sources */,
				4080A9AF20B0343C0036BA46 /* imgui_draw.cpp in Sources */,
				4080A9A220B034280036BA46 /* imgui_impl_opengl2.cpp in Sources */,
				4080A9B020B0347A0036BA46 /* imgui_impl_osx.mm in Sources */,
				4080A9AE20B0343C0036BA46 /* imgui.cpp in Sources */,
				50798230257677FD0038A28D /* imgui_tables.cpp in Sources */,
				07A82EDB213941D00078D120 /* imgui_widgets.cpp in Sources */,
			);
			runOnlyForDeploymentPostprocessing = 0;
		};
/* End PBXSourcesBuildPhase section */

/* Begin XCBuildConfiguration section */
		4080A97020B029B00036BA46 /* Debug */ = {
			isa = XCBuildConfiguration;
			buildSettings = {
				ALWAYS_SEARCH_USER_PATHS = NO;
				CLANG_ANALYZER_NONNULL = YES;
				CLANG_ANALYZER_NUMBER_OBJECT_CONVERSION = YES_AGGRESSIVE;
				CLANG_CXX_LANGUAGE_STANDARD = "gnu++14";
				CLANG_CXX_LIBRARY = "libc++";
				CLANG_ENABLE_MODULES = YES;
				CLANG_ENABLE_OBJC_ARC = YES;
				CLANG_ENABLE_OBJC_WEAK = YES;
				CLANG_WARN_BLOCK_CAPTURE_AUTORELEASING = YES;
				CLANG_WARN_BOOL_CONVERSION = YES;
				CLANG_WARN_COMMA = YES;
				CLANG_WARN_CONSTANT_CONVERSION = YES;
				CLANG_WARN_DEPRECATED_OBJC_IMPLEMENTATIONS = YES;
				CLANG_WARN_DIRECT_OBJC_ISA_USAGE = YES_ERROR;
				CLANG_WARN_DOCUMENTATION_COMMENTS = YES;
				CLANG_WARN_EMPTY_BODY = YES;
				CLANG_WARN_ENUM_CONVERSION = YES;
				CLANG_WARN_INFINITE_RECURSION = YES;
				CLANG_WARN_INT_CONVERSION = YES;
				CLANG_WARN_NON_LITERAL_NULL_CONVERSION = YES;
				CLANG_WARN_OBJC_IMPLICIT_RETAIN_SELF = YES;
				CLANG_WARN_OBJC_LITERAL_CONVERSION = YES;
				CLANG_WARN_OBJC_ROOT_CLASS = YES_ERROR;
				CLANG_WARN_RANGE_LOOP_ANALYSIS = YES;
				CLANG_WARN_STRICT_PROTOTYPES = YES;
				CLANG_WARN_SUSPICIOUS_MOVE = YES;
				CLANG_WARN_UNGUARDED_AVAILABILITY = YES_AGGRESSIVE;
				CLANG_WARN_UNREACHABLE_CODE = YES;
				CLANG_WARN__DUPLICATE_METHOD_MATCH = YES;
				CODE_SIGN_IDENTITY = "-";
				COPY_PHASE_STRIP = NO;
				DEBUG_INFORMATION_FORMAT = dwarf;
				ENABLE_STRICT_OBJC_MSGSEND = YES;
				ENABLE_TESTABILITY = YES;
				GCC_C_LANGUAGE_STANDARD = gnu11;
				GCC_DYNAMIC_NO_PIC = NO;
				GCC_NO_COMMON_BLOCKS = YES;
				GCC_OPTIMIZATION_LEVEL = 0;
				GCC_PREPROCESSOR_DEFINITIONS = (
					"DEBUG=1",
					"$(inherited)",
				);
				GCC_WARN_64_TO_32_BIT_CONVERSION = YES;
				GCC_WARN_ABOUT_RETURN_TYPE = YES_ERROR;
				GCC_WARN_UNDECLARED_SELECTOR = YES;
				GCC_WARN_UNINITIALIZED_AUTOS = YES_AGGRESSIVE;
				GCC_WARN_UNUSED_FUNCTION = YES;
				GCC_WARN_UNUSED_VARIABLE = YES;
				MACOSX_DEPLOYMENT_TARGET = 10.13;
				MTL_ENABLE_DEBUG_INFO = YES;
				ONLY_ACTIVE_ARCH = YES;
				SDKROOT = macosx;
			};
			name = Debug;
		};
		4080A97120B029B00036BA46 /* Release */ = {
			isa = XCBuildConfiguration;
			buildSettings = {
				ALWAYS_SEARCH_USER_PATHS = NO;
				CLANG_ANALYZER_NONNULL = YES;
				CLANG_ANALYZER_NUMBER_OBJECT_CONVERSION = YES_AGGRESSIVE;
				CLANG_CXX_LANGUAGE_STANDARD = "gnu++14";
				CLANG_CXX_LIBRARY = "libc++";
				CLANG_ENABLE_MODULES = YES;
				CLANG_ENABLE_OBJC_ARC = YES;
				CLANG_ENABLE_OBJC_WEAK = YES;
				CLANG_WARN_BLOCK_CAPTURE_AUTORELEASING = YES;
				CLANG_WARN_BOOL_CONVERSION = YES;
				CLANG_WARN_COMMA = YES;
				CLANG_WARN_CONSTANT_CONVERSION = YES;
				CLANG_WARN_DEPRECATED_OBJC_IMPLEMENTATIONS = YES;
				CLANG_WARN_DIRECT_OBJC_ISA_USAGE = YES_ERROR;
				CLANG_WARN_DOCUMENTATION_COMMENTS = YES;
				CLANG_WARN_EMPTY_BODY = YES;
				CLANG_WARN_ENUM_CONVERSION = YES;
				CLANG_WARN_INFINITE_RECURSION = YES;
				CLANG_WARN_INT_CONVERSION = YES;
				CLANG_WARN_NON_LITERAL_NULL_CONVERSION = YES;
				CLANG_WARN_OBJC_IMPLICIT_RETAIN_SELF = YES;
				CLANG_WARN_OBJC_LITERAL_CONVERSION = YES;
				CLANG_WARN_OBJC_ROOT_CLASS = YES_ERROR;
				CLANG_WARN_RANGE_LOOP_ANALYSIS = YES;
				CLANG_WARN_STRICT_PROTOTYPES = YES;
				CLANG_WARN_SUSPICIOUS_MOVE = YES;
				CLANG_WARN_UNGUARDED_AVAILABILITY = YES_AGGRESSIVE;
				CLANG_WARN_UNREACHABLE_CODE = YES;
				CLANG_WARN__DUPLICATE_METHOD_MATCH = YES;
				CODE_SIGN_IDENTITY = "-";
				COPY_PHASE_STRIP = NO;
				DEBUG_INFORMATION_FORMAT = "dwarf-with-dsym";
				ENABLE_NS_ASSERTIONS = NO;
				ENABLE_STRICT_OBJC_MSGSEND = YES;
				GCC_C_LANGUAGE_STANDARD = gnu11;
				GCC_NO_COMMON_BLOCKS = YES;
				GCC_WARN_64_TO_32_BIT_CONVERSION = YES;
				GCC_WARN_ABOUT_RETURN_TYPE = YES_ERROR;
				GCC_WARN_UNDECLARED_SELECTOR = YES;
				GCC_WARN_UNINITIALIZED_AUTOS = YES_AGGRESSIVE;
				GCC_WARN_UNUSED_FUNCTION = YES;
				GCC_WARN_UNUSED_VARIABLE = YES;
				MACOSX_DEPLOYMENT_TARGET = 10.13;
				MTL_ENABLE_DEBUG_INFO = NO;
				SDKROOT = macosx;
			};
			name = Release;
		};
		4080A97320B029B00036BA46 /* Debug */ = {
			isa = XCBuildConfiguration;
			buildSettings = {
				CODE_SIGN_STYLE = Automatic;
				MACOSX_DEPLOYMENT_TARGET = 10.13;
				PRODUCT_NAME = "$(TARGET_NAME)";
				USER_HEADER_SEARCH_PATHS = ../..;
			};
			name = Debug;
		};
		4080A97420B029B00036BA46 /* Release */ = {
			isa = XCBuildConfiguration;
			buildSettings = {
				CODE_SIGN_STYLE = Automatic;
				MACOSX_DEPLOYMENT_TARGET = 10.13;
				PRODUCT_NAME = "$(TARGET_NAME)";
				USER_HEADER_SEARCH_PATHS = ../..;
			};
			name = Release;
		};
/* End XCBuildConfiguration section */

/* Begin XCConfigurationList section */
		4080A96620B029B00036BA46 /* Build configuration list for PBXProject "example_apple_opengl2" */ = {
			isa = XCConfigurationList;
			buildConfigurations = (
				4080A97020B029B00036BA46 /* Debug */,
				4080A97120B029B00036BA46 /* Release */,
			);
			defaultConfigurationIsVisible = 0;
			defaultConfigurationName = Release;
		};
		4080A97220B029B00036BA46 /* Build configuration list for PBXNativeTarget "example_osx_opengl2" */ = {
			isa = XCConfigurationList;
			buildConfigurations = (
				4080A97320B029B00036BA46 /* Debug */,
				4080A97420B029B00036BA46 /* Release */,
			);
			defaultConfigurationIsVisible = 0;
			defaultConfigurationName = Release;
		};
/* End XCConfigurationList section */
	};
	rootObject = 4080A96320B029B00036BA46 /* Project object */;
}
