<?xml version="1.0" encoding="utf-8"?>
<Project ToolsVersion="4.0" xmlns="http://schemas.microsoft.com/developer/msbuild/2003">
  <ItemGroup>
    <Filter Include="misc">
      <UniqueIdentifier>{B1A29A7C-9DD9-9B0D-46C6-811032DC170F}</UniqueIdentifier>
    </Filter>
    <Filter Include="misc\cpp">
      <UniqueIdentifier>{030DBAB9-EFD9-14C5-18F3-026D041F4A53}</UniqueIdentifier>
    </Filter>
  </ItemGroup>
  <ItemGroup>
    <ClInclude Include="imconfig.h" />
    <ClInclude Include="imgui.h" />
    <ClInclude Include="imgui_internal.h" />
    <ClInclude Include="imstb_rectpack.h" />
    <ClInclude Include="imstb_textedit.h" />
    <ClInclude Include="imstb_truetpye.h" />
    <ClInclude Include="misc\cpp\imgui_stdlib.h">
      <Filter>misc\cpp</Filter>
    </ClInclude>
  </ItemGroup>
  <ItemGroup>
    <ClCompile Include="imgui.cpp" />
    <ClCompile Include="imgui_demo.cpp" />
    <ClCompile Include="imgui_draw.cpp" />
    <ClCompile Include="imgui_widgets.cpp" />
    <ClCompile Include="misc\cpp\imgui_stdlib.cpp">
      <Filter>misc\cpp</Filter>
    </ClCompile>
  </ItemGroup>
</Project>