
Microsoft Visual Studio Solution File, Format Version 12.00
# Visual Studio 14
VisualStudioVersion = 14.0.24720.0
MinimumVisualStudioVersion = 10.0.40219.1
Project("{8BC9CEB8-8B4A-11D0-8D11-00A0C91BC942}") = "directx11_uwp_example", "directx11_uwp_example.vcxproj", "{912BC01D-7864-4225-B9F9-81A1D03AA280}"
EndProject
Global
	GlobalSection(SolutionConfigurationPlatforms) = preSolution
		Debug|ARM = Debug|ARM
		Debug|x64 = Debug|x64
		Debug|x86 = Debug|x86
		Release|ARM = Release|ARM
		Release|x64 = Release|x64
		Release|x86 = Release|x86
	EndGlobalSection
	GlobalSection(ProjectConfigurationPlatforms) = postSolution
		{912BC01D-7864-4225-B9F9-81A1D03AA280}.Debug|ARM.ActiveCfg = Debug|ARM
		{912BC01D-7864-4225-B9F9-81A1D03AA280}.Debug|ARM.Build.0 = Debug|ARM
		{912BC01D-7864-4225-B9F9-81A1D03AA280}.Debug|ARM.Deploy.0 = Debug|ARM
		{912BC01D-7864-4225-B9F9-81A1D03AA280}.Debug|x64.ActiveCfg = Debug|x64
		{912BC01D-7864-4225-B9F9-81A1D03AA280}.Debug|x64.Build.0 = Debug|x64
		{912BC01D-7864-4225-B9F9-81A1D03AA280}.Debug|x64.Deploy.0 = Debug|x64
		{912BC01D-7864-4225-B9F9-81A1D03AA280}.Debug|x86.ActiveCfg = Debug|Win32
		{912BC01D-7864-4225-B9F9-81A1D03AA280}.Debug|x86.Build.0 = Debug|Win32
		{912BC01D-7864-4225-B9F9-81A1D03AA280}.Debug|x86.Deploy.0 = Debug|Win32
		{912BC01D-7864-4225-B9F9-81A1D03AA280}.Release|ARM.ActiveCfg = Release|ARM
		{912BC01D-7864-4225-B9F9-81A1D03AA280}.Release|ARM.Build.0 = Release|ARM
		{912BC01D-7864-4225-B9F9-81A1D03AA280}.Release|ARM.Deploy.0 = Release|ARM
		{912BC01D-7864-4225-B9F9-81A1D03AA280}.Release|x64.ActiveCfg = Release|x64
		{912BC01D-7864-4225-B9F9-81A1D03AA280}.Release|x64.Build.0 = Release|x64
		{912BC01D-7864-4225-B9F9-81A1D03AA280}.Release|x64.Deploy.0 = Release|x64
		{912BC01D-7864-4225-B9F9-81A1D03AA280}.Release|x86.ActiveCfg = Release|Win32
		{912BC01D-7864-4225-B9F9-81A1D03AA280}.Release|x86.Build.0 = Release|Win32
		{912BC01D-7864-4225-B9F9-81A1D03AA280}.Release|x86.Deploy.0 = Release|Win32
	EndGlobalSection
	GlobalSection(SolutionProperties) = preSolution
		HideSolutionNode = FALSE
	EndGlobalSection
EndGlobal
